# Generated by buf. DO NOT EDIT.
version: v2
deps:
  - name: buf.build/googleapis/googleapis
    commit: 004180b77378443887d3b55cabc00384
    digest: b5:e8f475fe3330f31f5fd86ac689093bcd274e19611a09db91f41d637cb9197881ce89882b94d13a58738e53c91c6e4bae7dc1feba85f590164c975a89e25115dc
  - name: buf.build/machanirobotics/grpc-mcp-gateway
    commit: f75a43fad34646d0a3f7f21c037550c3
    digest: b5:5c9e7fad09ca500be4eb37292c1ed2d4d6cf0eccc29333c8d248d1b8aeec10309a71ea55ae4f4114c226ef3361b77d90fc8ef0826f9fc6b6a2575019def0f5b0
