# Generated by buf. DO NOT EDIT.
version: v2
deps:
  - name: buf.build/googleapis/googleapis
    commit: 004180b77378443887d3b55cabc00384
    digest: b5:e8f475fe3330f31f5fd86ac689093bcd274e19611a09db91f41d637cb9197881ce89882b94d13a58738e53c91c6e4bae7dc1feba85f590164c975a89e25115dc
  - name: buf.build/machanirobotics/grpc-mcp-gateway
    commit: ea0c39e6c7694d69a4ae5696ec8c42a5
    digest: b5:8cc859b2e64e8dc9f5152360f44839649cf1f56123609a3beb23120dfa3b39030f1cfcb0dd9b43fdb8cda921a68feaeab09a2677f4d04b5bf1861f52d4ffaac6
