# Generated by buf. DO NOT EDIT.
version: v2
deps:
  - name: buf.build/googleapis/googleapis
    commit: 004180b77378443887d3b55cabc00384
    digest: b5:e8f475fe3330f31f5fd86ac689093bcd274e19611a09db91f41d637cb9197881ce89882b94d13a58738e53c91c6e4bae7dc1feba85f590164c975a89e25115dc
  - name: buf.build/machanirobotics/grpc-mcp-gateway
    commit: e97bbcaa428041e7a861938e66ac40bc
    digest: b5:03ba8b2ab5eb092e24f527a3abf1fb7460f610e427232b75b027ae5b3d055d29132f30d60c386fc02882884b4f7763e6b154b56c410dc1b3fe1c637b3c1f47dc
